
Microsoft Visual Studio Solution File, Format Version 12.00
# Visual Studio Version 16
VisualStudioVersion = 16.0.29020.237
MinimumVisualStudioVersion = 10.0.40219.1
Project("{FAE04EC0-301F-11D3-BF4B-00C04F79EFBC}") = "FileUpload", "FileUpload.csproj", "{6FFABFB2-C657-4FB6-80AF-1045084E152A}"
EndProject
Global
	GlobalSection(SolutionConfigurationPlatforms) = preSolution
		Debug|Any CPU = Debug|Any CPU
		Release|Any CPU = Release|Any CPU
	EndGlobalSection
	GlobalSection(ProjectConfigurationPlatforms) = postSolution
		{6FFABFB2-C657-4FB6-80AF-1045084E152A}.Debug|Any CPU.ActiveCfg = Debug|Any CPU
		{6FFABFB2-C657-4FB6-80AF-1045084E152A}.Debug|Any CPU.Build.0 = Debug|Any CPU
		{6FFABFB2-C657-4FB6-80AF-1045084E152A}.Release|Any CPU.ActiveCfg = Release|Any CPU
		{6FFABFB2-C657-4FB6-80AF-1045084E152A}.Release|Any CPU.Build.0 = Release|Any CPU
	EndGlobalSection
	GlobalSection(SolutionProperties) = preSolution
		HideSolutionNode = FALSE
	EndGlobalSection
	GlobalSection(ExtensibilityGlobals) = postSolution
		SolutionGuid = {5660BC57-6340-4E56-B8CB-16243DE5F4FA}
	EndGlobalSection
EndGlobal
